
Microsoft Visual Studio Solution File, Format Version 12.00
# Visual Studio 2013
VisualStudioVersion = 12.0.31101.0
MinimumVisualStudioVersion = 10.0.40219.1
Project("{FAE04EC0-301F-11D3-BF4B-00C04F79EFBC}") = "Enexure.Sql.Dynamic", "src\Enexure.Sql.Dynamic\Enexure.Sql.Dynamic.csproj", "{D1790148-498B-4060-AF4B-479BA4A9E50A}"
EndProject
Project("{FAE04EC0-301F-11D3-BF4B-00C04F79EFBC}") = "Enexure.Sql.Dynamic.Tests", "src\Enexure.Sql.Dynamic.Tests\Enexure.Sql.Dynamic.Tests.csproj", "{6AB56DE8-BB81-49DB-9452-ED6DE31D0F70}"
EndProject
Project("{2150E333-8FDC-42A3-9474-1A3956D46DE8}") = ".solution", ".solution", "{B57911CC-59F7-4DE1-9255-99715ABE1E7C}"
	ProjectSection(SolutionItems) = preProject
		Readme.md = Readme.md
	EndProjectSection
EndProject
Global
	GlobalSection(SolutionConfigurationPlatforms) = preSolution
		Debug|Any CPU = Debug|Any CPU
		Release|Any CPU = Release|Any CPU
	EndGlobalSection
	GlobalSection(ProjectConfigurationPlatforms) = postSolution
		{D1790148-498B-4060-AF4B-479BA4A9E50A}.Debug|Any CPU.ActiveCfg = Debug|Any CPU
		{D1790148-498B-4060-AF4B-479BA4A9E50A}.Debug|Any CPU.Build.0 = Debug|Any CPU
		{D1790148-498B-4060-AF4B-479BA4A9E50A}.Release|Any CPU.ActiveCfg = Release|Any CPU
		{D1790148-498B-4060-AF4B-479BA4A9E50A}.Release|Any CPU.Build.0 = Release|Any CPU
		{6AB56DE8-BB81-49DB-9452-ED6DE31D0F70}.Debug|Any CPU.ActiveCfg = Debug|Any CPU
		{6AB56DE8-BB81-49DB-9452-ED6DE31D0F70}.Debug|Any CPU.Build.0 = Debug|Any CPU
		{6AB56DE8-BB81-49DB-9452-ED6DE31D0F70}.Release|Any CPU.ActiveCfg = Release|Any CPU
		{6AB56DE8-BB81-49DB-9452-ED6DE31D0F70}.Release|Any CPU.Build.0 = Release|Any CPU
	EndGlobalSection
	GlobalSection(SolutionProperties) = preSolution
		HideSolutionNode = FALSE
	EndGlobalSection
EndGlobal
